
Microsoft Visual Studio Solution File, Format Version 12.00
Project("{FAE04EC0-301F-11D3-BF4B-00C04F79EFBC}") = "EffectoryAssignment.API", "EffectoryAssignment.API\EffectoryAssignment.API.csproj", "{931A7796-738D-496D-9F82-BFBD8C62E05F}"
EndProject
Project("{FAE04EC0-301F-11D3-BF4B-00C04F79EFBC}") = "EffectoryAssignment.Application", "EffectoryAssignment.Application\EffectoryAssignment.Application.csproj", "{77134F83-2468-4758-80E7-6BCD6939B918}"
EndProject
Project("{FAE04EC0-301F-11D3-BF4B-00C04F79EFBC}") = "EffectoryAssignment.Domain", "EffectoryAssignment.Domain\EffectoryAssignment.Domain.csproj", "{1CCE7498-18E5-4969-9373-BADB423D066E}"
EndProject
Project("{FAE04EC0-301F-11D3-BF4B-00C04F79EFBC}") = "EffectoryAssignment.Infrastructure", "EffectoryAssignment.Infrastructure\EffectoryAssignment.Infrastructure.csproj", "{C1A96861-BA22-463B-9032-D7DB7D4AE375}"
EndProject
Project("{FAE04EC0-301F-11D3-BF4B-00C04F79EFBC}") = "EffectoryAssignment.SharedKernel", "EffectoryAssignment.SharedKernel\EffectoryAssignment.SharedKernel.csproj", "{7B640A11-140E-4AEB-AC33-B5284331A2CE}"
EndProject
Global
	GlobalSection(SolutionConfigurationPlatforms) = preSolution
		Debug|Any CPU = Debug|Any CPU
		Release|Any CPU = Release|Any CPU
	EndGlobalSection
	GlobalSection(ProjectConfigurationPlatforms) = postSolution
		{931A7796-738D-496D-9F82-BFBD8C62E05F}.Debug|Any CPU.ActiveCfg = Debug|Any CPU
		{931A7796-738D-496D-9F82-BFBD8C62E05F}.Debug|Any CPU.Build.0 = Debug|Any CPU
		{931A7796-738D-496D-9F82-BFBD8C62E05F}.Release|Any CPU.ActiveCfg = Release|Any CPU
		{931A7796-738D-496D-9F82-BFBD8C62E05F}.Release|Any CPU.Build.0 = Release|Any CPU
		{77134F83-2468-4758-80E7-6BCD6939B918}.Debug|Any CPU.ActiveCfg = Debug|Any CPU
		{77134F83-2468-4758-80E7-6BCD6939B918}.Debug|Any CPU.Build.0 = Debug|Any CPU
		{77134F83-2468-4758-80E7-6BCD6939B918}.Release|Any CPU.ActiveCfg = Release|Any CPU
		{77134F83-2468-4758-80E7-6BCD6939B918}.Release|Any CPU.Build.0 = Release|Any CPU
		{1CCE7498-18E5-4969-9373-BADB423D066E}.Debug|Any CPU.ActiveCfg = Debug|Any CPU
		{1CCE7498-18E5-4969-9373-BADB423D066E}.Debug|Any CPU.Build.0 = Debug|Any CPU
		{1CCE7498-18E5-4969-9373-BADB423D066E}.Release|Any CPU.ActiveCfg = Release|Any CPU
		{1CCE7498-18E5-4969-9373-BADB423D066E}.Release|Any CPU.Build.0 = Release|Any CPU
		{C1A96861-BA22-463B-9032-D7DB7D4AE375}.Debug|Any CPU.ActiveCfg = Debug|Any CPU
		{C1A96861-BA22-463B-9032-D7DB7D4AE375}.Debug|Any CPU.Build.0 = Debug|Any CPU
		{C1A96861-BA22-463B-9032-D7DB7D4AE375}.Release|Any CPU.ActiveCfg = Release|Any CPU
		{C1A96861-BA22-463B-9032-D7DB7D4AE375}.Release|Any CPU.Build.0 = Release|Any CPU
		{7B640A11-140E-4AEB-AC33-B5284331A2CE}.Debug|Any CPU.ActiveCfg = Debug|Any CPU
		{7B640A11-140E-4AEB-AC33-B5284331A2CE}.Debug|Any CPU.Build.0 = Debug|Any CPU
		{7B640A11-140E-4AEB-AC33-B5284331A2CE}.Release|Any CPU.ActiveCfg = Release|Any CPU
		{7B640A11-140E-4AEB-AC33-B5284331A2CE}.Release|Any CPU.Build.0 = Release|Any CPU
	EndGlobalSection
EndGlobal
